
Microsoft Visual Studio Solution File, Format Version 12.00
# Visual Studio Version 17
VisualStudioVersion = 17.8.34525.116
MinimumVisualStudioVersion = 10.0.40219.1
Project("{FAE04EC0-301F-11D3-BF4B-00C04F79EFBC}") = "MauiAppCinemafilmes", "MauiAppCinemafilmes\MauiAppCinemafilmes.csproj", "{4CF04419-D9A4-4BC8-A63F-61E55C05CEBA}"
EndProject
Global
	GlobalSection(SolutionConfigurationPlatforms) = preSolution
		Debug|Any CPU = Debug|Any CPU
		Release|Any CPU = Release|Any CPU
	EndGlobalSection
	GlobalSection(ProjectConfigurationPlatforms) = postSolution
		{4CF04419-D9A4-4BC8-A63F-61E55C05CEBA}.Debug|Any CPU.ActiveCfg = Debug|Any CPU
		{4CF04419-D9A4-4BC8-A63F-61E55C05CEBA}.Debug|Any CPU.Build.0 = Debug|Any CPU
		{4CF04419-D9A4-4BC8-A63F-61E55C05CEBA}.Debug|Any CPU.Deploy.0 = Debug|Any CPU
		{4CF04419-D9A4-4BC8-A63F-61E55C05CEBA}.Release|Any CPU.ActiveCfg = Release|Any CPU
		{4CF04419-D9A4-4BC8-A63F-61E55C05CEBA}.Release|Any CPU.Build.0 = Release|Any CPU
		{4CF04419-D9A4-4BC8-A63F-61E55C05CEBA}.Release|Any CPU.Deploy.0 = Release|Any CPU
	EndGlobalSection
	GlobalSection(SolutionProperties) = preSolution
		HideSolutionNode = FALSE
	EndGlobalSection
	GlobalSection(ExtensibilityGlobals) = postSolution
		SolutionGuid = {A19E0DD2-F050-4D5F-B38C-A4EFB956ECC0}
	EndGlobalSection
EndGlobal
